
Microsoft Visual Studio Solution File, Format Version 12.00
# Visual Studio Version 17
VisualStudioVersion = 17.8.34330.188
MinimumVisualStudioVersion = 10.0.40219.1
Project("{FAE04EC0-301F-11D3-BF4B-00C04F79EFBC}") = "Assign-2mvc", "Assign-2mvc\Assign-2mvc.csproj", "{BB6E6992-7224-4C3A-AD5B-47A59C911563}"
EndProject
Global
	GlobalSection(SolutionConfigurationPlatforms) = preSolution
		Debug|Any CPU = Debug|Any CPU
		Release|Any CPU = Release|Any CPU
	EndGlobalSection
	GlobalSection(ProjectConfigurationPlatforms) = postSolution
		{BB6E6992-7224-4C3A-AD5B-47A59C911563}.Debug|Any CPU.ActiveCfg = Debug|Any CPU
		{BB6E6992-7224-4C3A-AD5B-47A59C911563}.Debug|Any CPU.Build.0 = Debug|Any CPU
		{BB6E6992-7224-4C3A-AD5B-47A59C911563}.Release|Any CPU.ActiveCfg = Release|Any CPU
		{BB6E6992-7224-4C3A-AD5B-47A59C911563}.Release|Any CPU.Build.0 = Release|Any CPU
	EndGlobalSection
	GlobalSection(SolutionProperties) = preSolution
		HideSolutionNode = FALSE
	EndGlobalSection
	GlobalSection(ExtensibilityGlobals) = postSolution
		SolutionGuid = {BBEA59B7-3944-4655-AB66-C7A1A32D3DBC}
	EndGlobalSection
EndGlobal
